// !$*UTF8*$!
{
	archiveVersion = 1;
	classes = {
	};
	objectVersion = 56;
	objects = {

/* Begin PBXBuildFile section */
		FC57E6D12C62038F00B4C2C5 /* NewTrainingView.swift in Sources */ = {isa = PBXBuildFile; fileRef = FC57E6D02C62038F00B4C2C5 /* NewTrainingView.swift */; };
		FC57E6D32C620BB100B4C2C5 /* EditPlanView.swift in Sources */ = {isa = PBXBuildFile; fileRef = FC57E6D22C620BB100B4C2C5 /* EditPlanView.swift */; };
		FC57E6D62C620FB300B4C2C5 /* Note+CoreDataClass.swift in Sources */ = {isa = PBXBuildFile; fileRef = FC57E6D42C620FB300B4C2C5 /* Note+CoreDataClass.swift */; };
		FC57E6D72C620FB300B4C2C5 /* Note+CoreDataProperties.swift in Sources */ = {isa = PBXBuildFile; fileRef = FC57E6D52C620FB300B4C2C5 /* Note+CoreDataProperties.swift */; };
		FC57E6D92C620FEC00B4C2C5 /* PersistenceController.swift in Sources */ = {isa = PBXBuildFile; fileRef = FC57E6D82C620FEC00B4C2C5 /* PersistenceController.swift */; };
		FC57E6DD2C622EB900B4C2C5 /* TrainingPlan+CoreDataClass.swift in Sources */ = {isa = PBXBuildFile; fileRef = FC57E6DB2C622EB900B4C2C5 /* TrainingPlan+CoreDataClass.swift */; };
		FC57E6DE2C622EB900B4C2C5 /* TrainingPlan+CoreDataProperties.swift in Sources */ = {isa = PBXBuildFile; fileRef = FC57E6DC2C622EB900B4C2C5 /* TrainingPlan+CoreDataProperties.swift */; };
		FC57E6E22C62314700B4C2C5 /* TrainingRowView.swift in Sources */ = {isa = PBXBuildFile; fileRef = FC57E6E12C62314700B4C2C5 /* TrainingRowView.swift */; };
		FC57E6E62C62370B00B4C2C5 /* Training+CoreDataClass.swift in Sources */ = {isa = PBXBuildFile; fileRef = FC57E6E42C62370B00B4C2C5 /* Training+CoreDataClass.swift */; };
		FC57E6E72C62370B00B4C2C5 /* Training+CoreDataProperties.swift in Sources */ = {isa = PBXBuildFile; fileRef = FC57E6E52C62370B00B4C2C5 /* Training+CoreDataProperties.swift */; };
		FC57E6E92C62390900B4C2C5 /* TrainingViewModel.swift in Sources */ = {isa = PBXBuildFile; fileRef = FC57E6E82C62390900B4C2C5 /* TrainingViewModel.swift */; };
		FC57E6ED2C62493200B4C2C5 /* TrainingDetailView.swift in Sources */ = {isa = PBXBuildFile; fileRef = FC57E6EC2C62493200B4C2C5 /* TrainingDetailView.swift */; };
		FC57E6EF2C62525300B4C2C5 /* TrainingDetailCardView.swift in Sources */ = {isa = PBXBuildFile; fileRef = FC57E6EE2C62525300B4C2C5 /* TrainingDetailCardView.swift */; };
		FC57E6F12C6259BD00B4C2C5 /* TrainingDetailEditingView.swift in Sources */ = {isa = PBXBuildFile; fileRef = FC57E6F02C6259BD00B4C2C5 /* TrainingDetailEditingView.swift */; };
		FC57E6F42C62BEB300B4C2C5 /* TrainingSliderView.swift in Sources */ = {isa = PBXBuildFile; fileRef = FC57E6F32C62BEB300B4C2C5 /* TrainingSliderView.swift */; };
		FC57E6F72C63723100B4C2C5 /* SplashScreen.swift in Sources */ = {isa = PBXBuildFile; fileRef = FC57E6F62C63723100B4C2C5 /* SplashScreen.swift */; };
		FC57E6F92C63734300B4C2C5 /* OnboardingScreen.swift in Sources */ = {isa = PBXBuildFile; fileRef = FC57E6F82C63734300B4C2C5 /* OnboardingScreen.swift */; };
		FC57E6FB2C63738400B4C2C5 /* OnboardingStepView.swift in Sources */ = {isa = PBXBuildFile; fileRef = FC57E6FA2C63738400B4C2C5 /* OnboardingStepView.swift */; };
		FC57E6FD2C6373B100B4C2C5 /* CustomTabIndicator.swift in Sources */ = {isa = PBXBuildFile; fileRef = FC57E6FC2C6373B100B4C2C5 /* CustomTabIndicator.swift */; };
		FC57E6FF2C63C4D400B4C2C5 /* UIApplication+extensions.swift in Sources */ = {isa = PBXBuildFile; fileRef = FC57E6FE2C63C4D400B4C2C5 /* UIApplication+extensions.swift */; };
		FCCDC9242C60C58F004A153F /* FlexFitApp.swift in Sources */ = {isa = PBXBuildFile; fileRef = FCCDC9232C60C58F004A153F /* FlexFitApp.swift */; };
		FCCDC9262C60C58F004A153F /* MainView.swift in Sources */ = {isa = PBXBuildFile; fileRef = FCCDC9252C60C58F004A153F /* MainView.swift */; };
		FCCDC9282C60C591004A153F /* Assets.xcassets in Resources */ = {isa = PBXBuildFile; fileRef = FCCDC9272C60C591004A153F /* Assets.xcassets */; };
		FCCDC92B2C60C591004A153F /* Preview Assets.xcassets in Resources */ = {isa = PBXBuildFile; fileRef = FCCDC92A2C60C591004A153F /* Preview Assets.xcassets */; };
		FCCDC9302C60C591004A153F /* FlexFit.xcdatamodeld in Sources */ = {isa = PBXBuildFile; fileRef = FCCDC92E2C60C591004A153F /* FlexFit.xcdatamodeld */; };
		FCCDC93D2C60C947004A153F /* Router.swift in Sources */ = {isa = PBXBuildFile; fileRef = FCCDC93C2C60C947004A153F /* Router.swift */; };
		FCCDC9402C60CA15004A153F /* CalendarScreen.swift in Sources */ = {isa = PBXBuildFile; fileRef = FCCDC93F2C60CA15004A153F /* CalendarScreen.swift */; };
		FCCDC9452C60CA4F004A153F /* TrainingScreen.swift in Sources */ = {isa = PBXBuildFile; fileRef = FCCDC9442C60CA4F004A153F /* TrainingScreen.swift */; };
		FCCDC94A2C60CAA6004A153F /* SettingsScreen.swift in Sources */ = {isa = PBXBuildFile; fileRef = FCCDC9492C60CAA6004A153F /* SettingsScreen.swift */; };
		FCCDC94C2C60CBB7004A153F /* Color+extensions.swift in Sources */ = {isa = PBXBuildFile; fileRef = FCCDC94B2C60CBB7004A153F /* Color+extensions.swift */; };
		FCCDC94E2C60D255004A153F /* WeekCalendarView.swift in Sources */ = {isa = PBXBuildFile; fileRef = FCCDC94D2C60D255004A153F /* WeekCalendarView.swift */; };
		FCCDC9522C60E682004A153F /* NavigationTitleView.swift in Sources */ = {isa = PBXBuildFile; fileRef = FCCDC9512C60E682004A153F /* NavigationTitleView.swift */; };
		FCCDC9542C60FBDC004A153F /* NewNoteView.swift in Sources */ = {isa = PBXBuildFile; fileRef = FCCDC9532C60FBDC004A153F /* NewNoteView.swift */; };
		FCCDC9562C610552004A153F /* TextFieldView.swift in Sources */ = {isa = PBXBuildFile; fileRef = FCCDC9552C610552004A153F /* TextFieldView.swift */; };
		FCCDC9582C610E97004A153F /* NoteRowView.swift in Sources */ = {isa = PBXBuildFile; fileRef = FCCDC9572C610E97004A153F /* NoteRowView.swift */; };
		FCCDC95A2C611BC0004A153F /* CalendarViewModel.swift in Sources */ = {isa = PBXBuildFile; fileRef = FCCDC9592C611BC0004A153F /* CalendarViewModel.swift */; };
		FCCDC96B2C6176C4004A153F /* AlertView.swift in Sources */ = {isa = PBXBuildFile; fileRef = FCCDC96A2C6176C4004A153F /* AlertView.swift */; };
		FCCDC96D2C6177C9004A153F /* NewButtonView.swift in Sources */ = {isa = PBXBuildFile; fileRef = FCCDC96C2C6177C9004A153F /* NewButtonView.swift */; };
		FCCDC96F2C6180C8004A153F /* EmptyListView.swift in Sources */ = {isa = PBXBuildFile; fileRef = FCCDC96E2C6180C8004A153F /* EmptyListView.swift */; };
/* End PBXBuildFile section */

/* Begin PBXFileReference section */
		FC57E6D02C62038F00B4C2C5 /* NewTrainingView.swift */ = {isa = PBXFileReference; lastKnownFileType = sourcecode.swift; path = NewTrainingView.swift; sourceTree = "<group>"; };
		FC57E6D22C620BB100B4C2C5 /* EditPlanView.swift */ = {isa = PBXFileReference; lastKnownFileType = sourcecode.swift; path = EditPlanView.swift; sourceTree = "<group>"; };
		FC57E6D42C620FB300B4C2C5 /* Note+CoreDataClass.swift */ = {isa = PBXFileReference; lastKnownFileType = sourcecode.swift; path = "Note+CoreDataClass.swift"; sourceTree = "<group>"; };
		FC57E6D52C620FB300B4C2C5 /* Note+CoreDataProperties.swift */ = {isa = PBXFileReference; lastKnownFileType = sourcecode.swift; path = "Note+CoreDataProperties.swift"; sourceTree = "<group>"; };
		FC57E6D82C620FEC00B4C2C5 /* PersistenceController.swift */ = {isa = PBXFileReference; lastKnownFileType = sourcecode.swift; path = PersistenceController.swift; sourceTree = "<group>"; };
		FC57E6DB2C622EB900B4C2C5 /* TrainingPlan+CoreDataClass.swift */ = {isa = PBXFileReference; lastKnownFileType = sourcecode.swift; path = "TrainingPlan+CoreDataClass.swift"; sourceTree = "<group>"; };
		FC57E6DC2C622EB900B4C2C5 /* TrainingPlan+CoreDataProperties.swift */ = {isa = PBXFileReference; lastKnownFileType = sourcecode.swift; path = "TrainingPlan+CoreDataProperties.swift"; sourceTree = "<group>"; };
		FC57E6E12C62314700B4C2C5 /* TrainingRowView.swift */ = {isa = PBXFileReference; lastKnownFileType = sourcecode.swift; path = TrainingRowView.swift; sourceTree = "<group>"; };
		FC57E6E42C62370B00B4C2C5 /* Training+CoreDataClass.swift */ = {isa = PBXFileReference; lastKnownFileType = sourcecode.swift; path = "Training+CoreDataClass.swift"; sourceTree = "<group>"; };
		FC57E6E52C62370B00B4C2C5 /* Training+CoreDataProperties.swift */ = {isa = PBXFileReference; lastKnownFileType = sourcecode.swift; path = "Training+CoreDataProperties.swift"; sourceTree = "<group>"; };
		FC57E6E82C62390900B4C2C5 /* TrainingViewModel.swift */ = {isa = PBXFileReference; lastKnownFileType = sourcecode.swift; path = TrainingViewModel.swift; sourceTree = "<group>"; };
		FC57E6EC2C62493200B4C2C5 /* TrainingDetailView.swift */ = {isa = PBXFileReference; lastKnownFileType = sourcecode.swift; path = TrainingDetailView.swift; sourceTree = "<group>"; };
		FC57E6EE2C62525300B4C2C5 /* TrainingDetailCardView.swift */ = {isa = PBXFileReference; lastKnownFileType = sourcecode.swift; path = TrainingDetailCardView.swift; sourceTree = "<group>"; };
		FC57E6F02C6259BD00B4C2C5 /* TrainingDetailEditingView.swift */ = {isa = PBXFileReference; lastKnownFileType = sourcecode.swift; path = TrainingDetailEditingView.swift; sourceTree = "<group>"; };
		FC57E6F32C62BEB300B4C2C5 /* TrainingSliderView.swift */ = {isa = PBXFileReference; lastKnownFileType = sourcecode.swift; path = TrainingSliderView.swift; sourceTree = "<group>"; };
		FC57E6F62C63723100B4C2C5 /* SplashScreen.swift */ = {isa = PBXFileReference; lastKnownFileType = sourcecode.swift; path = SplashScreen.swift; sourceTree = "<group>"; };
		FC57E6F82C63734300B4C2C5 /* OnboardingScreen.swift */ = {isa = PBXFileReference; lastKnownFileType = sourcecode.swift; path = OnboardingScreen.swift; sourceTree = "<group>"; };
		FC57E6FA2C63738400B4C2C5 /* OnboardingStepView.swift */ = {isa = PBXFileReference; lastKnownFileType = sourcecode.swift; path = OnboardingStepView.swift; sourceTree = "<group>"; };
		FC57E6FC2C6373B100B4C2C5 /* CustomTabIndicator.swift */ = {isa = PBXFileReference; lastKnownFileType = sourcecode.swift; path = CustomTabIndicator.swift; sourceTree = "<group>"; };
		FC57E6FE2C63C4D400B4C2C5 /* UIApplication+extensions.swift */ = {isa = PBXFileReference; lastKnownFileType = sourcecode.swift; path = "UIApplication+extensions.swift"; sourceTree = "<group>"; };
		FCCDC9202C60C58F004A153F /* FlexFit.app */ = {isa = PBXFileReference; explicitFileType = wrapper.application; includeInIndex = 0; path = FlexFit.app; sourceTree = BUILT_PRODUCTS_DIR; };
		FCCDC9232C60C58F004A153F /* FlexFitApp.swift */ = {isa = PBXFileReference; lastKnownFileType = sourcecode.swift; path = FlexFitApp.swift; sourceTree = "<group>"; };
		FCCDC9252C60C58F004A153F /* MainView.swift */ = {isa = PBXFileReference; lastKnownFileType = sourcecode.swift; path = MainView.swift; sourceTree = "<group>"; };
		FCCDC9272C60C591004A153F /* Assets.xcassets */ = {isa = PBXFileReference; lastKnownFileType = folder.assetcatalog; path = Assets.xcassets; sourceTree = "<group>"; };
		FCCDC92A2C60C591004A153F /* Preview Assets.xcassets */ = {isa = PBXFileReference; lastKnownFileType = folder.assetcatalog; path = "Preview Assets.xcassets"; sourceTree = "<group>"; };
		FCCDC92F2C60C591004A153F /* FlexFit.xcdatamodel */ = {isa = PBXFileReference; lastKnownFileType = wrapper.xcdatamodel; path = FlexFit.xcdatamodel; sourceTree = "<group>"; };
		FCCDC93C2C60C947004A153F /* Router.swift */ = {isa = PBXFileReference; lastKnownFileType = sourcecode.swift; path = Router.swift; sourceTree = "<group>"; };
		FCCDC93F2C60CA15004A153F /* CalendarScreen.swift */ = {isa = PBXFileReference; lastKnownFileType = sourcecode.swift; path = CalendarScreen.swift; sourceTree = "<group>"; };
		FCCDC9442C60CA4F004A153F /* TrainingScreen.swift */ = {isa = PBXFileReference; lastKnownFileType = sourcecode.swift; path = TrainingScreen.swift; sourceTree = "<group>"; };
		FCCDC9492C60CAA6004A153F /* SettingsScreen.swift */ = {isa = PBXFileReference; lastKnownFileType = sourcecode.swift; path = SettingsScreen.swift; sourceTree = "<group>"; };
		FCCDC94B2C60CBB7004A153F /* Color+extensions.swift */ = {isa = PBXFileReference; lastKnownFileType = sourcecode.swift; path = "Color+extensions.swift"; sourceTree = "<group>"; };
		FCCDC94D2C60D255004A153F /* WeekCalendarView.swift */ = {isa = PBXFileReference; lastKnownFileType = sourcecode.swift; path = WeekCalendarView.swift; sourceTree = "<group>"; };
		FCCDC9512C60E682004A153F /* NavigationTitleView.swift */ = {isa = PBXFileReference; lastKnownFileType = sourcecode.swift; path = NavigationTitleView.swift; sourceTree = "<group>"; };
		FCCDC9532C60FBDC004A153F /* NewNoteView.swift */ = {isa = PBXFileReference; lastKnownFileType = sourcecode.swift; path = NewNoteView.swift; sourceTree = "<group>"; };
		FCCDC9552C610552004A153F /* TextFieldView.swift */ = {isa = PBXFileReference; lastKnownFileType = sourcecode.swift; path = TextFieldView.swift; sourceTree = "<group>"; };
		FCCDC9572C610E97004A153F /* NoteRowView.swift */ = {isa = PBXFileReference; lastKnownFileType = sourcecode.swift; path = NoteRowView.swift; sourceTree = "<group>"; };
		FCCDC9592C611BC0004A153F /* CalendarViewModel.swift */ = {isa = PBXFileReference; lastKnownFileType = sourcecode.swift; path = CalendarViewModel.swift; sourceTree = "<group>"; };
		FCCDC96A2C6176C4004A153F /* AlertView.swift */ = {isa = PBXFileReference; lastKnownFileType = sourcecode.swift; path = AlertView.swift; sourceTree = "<group>"; };
		FCCDC96C2C6177C9004A153F /* NewButtonView.swift */ = {isa = PBXFileReference; lastKnownFileType = sourcecode.swift; path = NewButtonView.swift; sourceTree = "<group>"; };
		FCCDC96E2C6180C8004A153F /* EmptyListView.swift */ = {isa = PBXFileReference; lastKnownFileType = sourcecode.swift; path = EmptyListView.swift; sourceTree = "<group>"; };
/* End PBXFileReference section */

/* Begin PBXFrameworksBuildPhase section */
		FCCDC91D2C60C58F004A153F /* Frameworks */ = {
			isa = PBXFrameworksBuildPhase;
			buildActionMask = 2147483647;
			files = (
			);
			runOnlyForDeploymentPostprocessing = 0;
		};
/* End PBXFrameworksBuildPhase section */

/* Begin PBXGroup section */
		FC57E6DA2C622EA700B4C2C5 /* TrainingPlan */ = {
			isa = PBXGroup;
			children = (
				FC57E6DB2C622EB900B4C2C5 /* TrainingPlan+CoreDataClass.swift */,
				FC57E6DC2C622EB900B4C2C5 /* TrainingPlan+CoreDataProperties.swift */,
			);
			path = TrainingPlan;
			sourceTree = "<group>";
		};
		FC57E6E32C6236FC00B4C2C5 /* Training */ = {
			isa = PBXGroup;
			children = (
				FC57E6E42C62370B00B4C2C5 /* Training+CoreDataClass.swift */,
				FC57E6E52C62370B00B4C2C5 /* Training+CoreDataProperties.swift */,
			);
			path = Training;
			sourceTree = "<group>";
		};
		FC57E6F22C62ACF600B4C2C5 /* TrainingDetail */ = {
			isa = PBXGroup;
			children = (
				FC57E6EC2C62493200B4C2C5 /* TrainingDetailView.swift */,
				FC57E6EE2C62525300B4C2C5 /* TrainingDetailCardView.swift */,
				FC57E6F02C6259BD00B4C2C5 /* TrainingDetailEditingView.swift */,
			);
			path = TrainingDetail;
			sourceTree = "<group>";
		};
		FC57E6F52C6371C300B4C2C5 /* Onboarding&Splash */ = {
			isa = PBXGroup;
			children = (
				FC57E6F62C63723100B4C2C5 /* SplashScreen.swift */,
				FC57E6F82C63734300B4C2C5 /* OnboardingScreen.swift */,
				FC57E6FA2C63738400B4C2C5 /* OnboardingStepView.swift */,
				FC57E6FC2C6373B100B4C2C5 /* CustomTabIndicator.swift */,
			);
			path = "Onboarding&Splash";
			sourceTree = "<group>";
		};
		FCCDC9172C60C58F004A153F = {
			isa = PBXGroup;
			children = (
				FCCDC9222C60C58F004A153F /* FlexFit */,
				FCCDC9212C60C58F004A153F /* Products */,
			);
			sourceTree = "<group>";
		};
		FCCDC9212C60C58F004A153F /* Products */ = {
			isa = PBXGroup;
			children = (
				FCCDC9202C60C58F004A153F /* FlexFit.app */,
			);
			name = Products;
			sourceTree = "<group>";
		};
		FCCDC9222C60C58F004A153F /* FlexFit */ = {
			isa = PBXGroup;
			children = (
				FCCDC9362C60C695004A153F /* Core */,
				FCCDC9382C60C6DD004A153F /* Screens */,
				FCCDC9372C60C6D5004A153F /* DataManager */,
				FCCDC93B2C60C708004A153F /* Components */,
				FCCDC93A2C60C6F9004A153F /* Utilities */,
				FCCDC9392C60C6E4004A153F /* Extensions */,
				FCCDC9292C60C591004A153F /* Preview Content */,
			);
			path = FlexFit;
			sourceTree = "<group>";
		};
		FCCDC9292C60C591004A153F /* Preview Content */ = {
			isa = PBXGroup;
			children = (
				FCCDC92A2C60C591004A153F /* Preview Assets.xcassets */,
			);
			path = "Preview Content";
			sourceTree = "<group>";
		};
		FCCDC9362C60C695004A153F /* Core */ = {
			isa = PBXGroup;
			children = (
				FCCDC9232C60C58F004A153F /* FlexFitApp.swift */,
				FCCDC9272C60C591004A153F /* Assets.xcassets */,
			);
			path = Core;
			sourceTree = "<group>";
		};
		FCCDC9372C60C6D5004A153F /* DataManager */ = {
			isa = PBXGroup;
			children = (
				FC57E6D82C620FEC00B4C2C5 /* PersistenceController.swift */,
				FCCDC92E2C60C591004A153F /* FlexFit.xcdatamodeld */,
				FC57E6E32C6236FC00B4C2C5 /* Training */,
				FC57E6DA2C622EA700B4C2C5 /* TrainingPlan */,
				FCCDC95F2C611EBE004A153F /* Notes */,
			);
			path = DataManager;
			sourceTree = "<group>";
		};
		FCCDC9382C60C6DD004A153F /* Screens */ = {
			isa = PBXGroup;
			children = (
				FCCDC9252C60C58F004A153F /* MainView.swift */,
				FCCDC93E2C60CA05004A153F /* CalendarScreen */,
				FCCDC9432C60CA3E004A153F /* TrainingScreen */,
				FCCDC9482C60CA7B004A153F /* SettingsScreen */,
				FC57E6F52C6371C300B4C2C5 /* Onboarding&Splash */,
			);
			path = Screens;
			sourceTree = "<group>";
		};
		FCCDC9392C60C6E4004A153F /* Extensions */ = {
			isa = PBXGroup;
			children = (
				FCCDC94B2C60CBB7004A153F /* Color+extensions.swift */,
				FC57E6FE2C63C4D400B4C2C5 /* UIApplication+extensions.swift */,
			);
			path = Extensions;
			sourceTree = "<group>";
		};
		FCCDC93A2C60C6F9004A153F /* Utilities */ = {
			isa = PBXGroup;
			children = (
				FCCDC93C2C60C947004A153F /* Router.swift */,
			);
			path = Utilities;
			sourceTree = "<group>";
		};
		FCCDC93B2C60C708004A153F /* Components */ = {
			isa = PBXGroup;
			children = (
				FCCDC9512C60E682004A153F /* NavigationTitleView.swift */,
				FCCDC9552C610552004A153F /* TextFieldView.swift */,
				FCCDC96A2C6176C4004A153F /* AlertView.swift */,
				FCCDC96C2C6177C9004A153F /* NewButtonView.swift */,
				FCCDC96E2C6180C8004A153F /* EmptyListView.swift */,
			);
			path = Components;
			sourceTree = "<group>";
		};
		FCCDC93E2C60CA05004A153F /* CalendarScreen */ = {
			isa = PBXGroup;
			children = (
				FCCDC93F2C60CA15004A153F /* CalendarScreen.swift */,
				FCCDC9592C611BC0004A153F /* CalendarViewModel.swift */,
				FCCDC9412C60CA27004A153F /* View */,
			);
			path = CalendarScreen;
			sourceTree = "<group>";
		};
		FCCDC9412C60CA27004A153F /* View */ = {
			isa = PBXGroup;
			children = (
				FCCDC94D2C60D255004A153F /* WeekCalendarView.swift */,
				FCCDC9532C60FBDC004A153F /* NewNoteView.swift */,
				FCCDC9572C610E97004A153F /* NoteRowView.swift */,
			);
			path = View;
			sourceTree = "<group>";
		};
		FCCDC9432C60CA3E004A153F /* TrainingScreen */ = {
			isa = PBXGroup;
			children = (
				FCCDC9442C60CA4F004A153F /* TrainingScreen.swift */,
				FC57E6E82C62390900B4C2C5 /* TrainingViewModel.swift */,
				FCCDC9462C60CA5C004A153F /* View */,
			);
			path = TrainingScreen;
			sourceTree = "<group>";
		};
		FCCDC9462C60CA5C004A153F /* View */ = {
			isa = PBXGroup;
			children = (
				FC57E6F22C62ACF600B4C2C5 /* TrainingDetail */,
				FC57E6D02C62038F00B4C2C5 /* NewTrainingView.swift */,
				FC57E6D22C620BB100B4C2C5 /* EditPlanView.swift */,
				FC57E6E12C62314700B4C2C5 /* TrainingRowView.swift */,
				FC57E6F32C62BEB300B4C2C5 /* TrainingSliderView.swift */,
			);
			path = View;
			sourceTree = "<group>";
		};
		FCCDC9482C60CA7B004A153F /* SettingsScreen */ = {
			isa = PBXGroup;
			children = (
				FCCDC9492C60CAA6004A153F /* SettingsScreen.swift */,
			);
			path = SettingsScreen;
			sourceTree = "<group>";
		};
		FCCDC95F2C611EBE004A153F /* Notes */ = {
			isa = PBXGroup;
			children = (
				FC57E6D42C620FB300B4C2C5 /* Note+CoreDataClass.swift */,
				FC57E6D52C620FB300B4C2C5 /* Note+CoreDataProperties.swift */,
			);
			path = Notes;
			sourceTree = "<group>";
		};
/* End PBXGroup section */

/* Begin PBXNativeTarget section */
		FCCDC91F2C60C58F004A153F /* FlexFit */ = {
			isa = PBXNativeTarget;
			buildConfigurationList = FCCDC9332C60C591004A153F /* Build configuration list for PBXNativeTarget "FlexFit" */;
			buildPhases = (
				FCCDC91C2C60C58F004A153F /* Sources */,
				FCCDC91D2C60C58F004A153F /* Frameworks */,
				FCCDC91E2C60C58F004A153F /* Resources */,
			);
			buildRules = (
			);
			dependencies = (
			);
			name = FlexFit;
			productName = FlexFit;
			productReference = FCCDC9202C60C58F004A153F /* FlexFit.app */;
			productType = "com.apple.product-type.application";
		};
/* End PBXNativeTarget section */

/* Begin PBXProject section */
		FCCDC9182C60C58F004A153F /* Project object */ = {
			isa = PBXProject;
			attributes = {
				BuildIndependentTargetsInParallel = 1;
				LastSwiftUpdateCheck = 1520;
				LastUpgradeCheck = 1520;
				TargetAttributes = {
					FCCDC91F2C60C58F004A153F = {
						CreatedOnToolsVersion = 15.2;
					};
				};
			};
			buildConfigurationList = FCCDC91B2C60C58F004A153F /* Build configuration list for PBXProject "FlexFit" */;
			compatibilityVersion = "Xcode 14.0";
			developmentRegion = en;
			hasScannedForEncodings = 0;
			knownRegions = (
				en,
				Base,
			);
			mainGroup = FCCDC9172C60C58F004A153F;
			productRefGroup = FCCDC9212C60C58F004A153F /* Products */;
			projectDirPath = "";
			projectRoot = "";
			targets = (
				FCCDC91F2C60C58F004A153F /* FlexFit */,
			);
		};
/* End PBXProject section */

/* Begin PBXResourcesBuildPhase section */
		FCCDC91E2C60C58F004A153F /* Resources */ = {
			isa = PBXResourcesBuildPhase;
			buildActionMask = 2147483647;
			files = (
				FCCDC92B2C60C591004A153F /* Preview Assets.xcassets in Resources */,
				FCCDC9282C60C591004A153F /* Assets.xcassets in Resources */,
			);
			runOnlyForDeploymentPostprocessing = 0;
		};
/* End PBXResourcesBuildPhase section */

/* Begin PBXSourcesBuildPhase section */
		FCCDC91C2C60C58F004A153F /* Sources */ = {
			isa = PBXSourcesBuildPhase;
			buildActionMask = 2147483647;
			files = (
				FCCDC94E2C60D255004A153F /* WeekCalendarView.swift in Sources */,
				FC57E6E22C62314700B4C2C5 /* TrainingRowView.swift in Sources */,
				FCCDC94A2C60CAA6004A153F /* SettingsScreen.swift in Sources */,
				FC57E6F12C6259BD00B4C2C5 /* TrainingDetailEditingView.swift in Sources */,
				FCCDC9402C60CA15004A153F /* CalendarScreen.swift in Sources */,
				FCCDC94C2C60CBB7004A153F /* Color+extensions.swift in Sources */,
				FCCDC9262C60C58F004A153F /* MainView.swift in Sources */,
				FCCDC96D2C6177C9004A153F /* NewButtonView.swift in Sources */,
				FC57E6FB2C63738400B4C2C5 /* OnboardingStepView.swift in Sources */,
				FCCDC93D2C60C947004A153F /* Router.swift in Sources */,
				FC57E6F92C63734300B4C2C5 /* OnboardingScreen.swift in Sources */,
				FC57E6F42C62BEB300B4C2C5 /* TrainingSliderView.swift in Sources */,
				FC57E6E92C62390900B4C2C5 /* TrainingViewModel.swift in Sources */,
				FC57E6E72C62370B00B4C2C5 /* Training+CoreDataProperties.swift in Sources */,
				FCCDC96F2C6180C8004A153F /* EmptyListView.swift in Sources */,
				FC57E6ED2C62493200B4C2C5 /* TrainingDetailView.swift in Sources */,
				FC57E6D72C620FB300B4C2C5 /* Note+CoreDataProperties.swift in Sources */,
				FCCDC95A2C611BC0004A153F /* CalendarViewModel.swift in Sources */,
				FCCDC9562C610552004A153F /* TextFieldView.swift in Sources */,
				FC57E6D32C620BB100B4C2C5 /* EditPlanView.swift in Sources */,
				FCCDC9302C60C591004A153F /* FlexFit.xcdatamodeld in Sources */,
				FC57E6DD2C622EB900B4C2C5 /* TrainingPlan+CoreDataClass.swift in Sources */,
				FCCDC9522C60E682004A153F /* NavigationTitleView.swift in Sources */,
				FCCDC9542C60FBDC004A153F /* NewNoteView.swift in Sources */,
				FC57E6D92C620FEC00B4C2C5 /* PersistenceController.swift in Sources */,
				FC57E6FD2C6373B100B4C2C5 /* CustomTabIndicator.swift in Sources */,
				FCCDC9582C610E97004A153F /* NoteRowView.swift in Sources */,
				FC57E6DE2C622EB900B4C2C5 /* TrainingPlan+CoreDataProperties.swift in Sources */,
				FC57E6F72C63723100B4C2C5 /* SplashScreen.swift in Sources */,
				FC57E6FF2C63C4D400B4C2C5 /* UIApplication+extensions.swift in Sources */,
				FCCDC96B2C6176C4004A153F /* AlertView.swift in Sources */,
				FCCDC9242C60C58F004A153F /* FlexFitApp.swift in Sources */,
				FC57E6EF2C62525300B4C2C5 /* TrainingDetailCardView.swift in Sources */,
				FC57E6D62C620FB300B4C2C5 /* Note+CoreDataClass.swift in Sources */,
				FCCDC9452C60CA4F004A153F /* TrainingScreen.swift in Sources */,
				FC57E6E62C62370B00B4C2C5 /* Training+CoreDataClass.swift in Sources */,
				FC57E6D12C62038F00B4C2C5 /* NewTrainingView.swift in Sources */,
			);
			runOnlyForDeploymentPostprocessing = 0;
		};
/* End PBXSourcesBuildPhase section */

/* Begin XCBuildConfiguration section */
		FCCDC9312C60C591004A153F /* Debug */ = {
			isa = XCBuildConfiguration;
			buildSettings = {
				ALWAYS_SEARCH_USER_PATHS = NO;
				ASSETCATALOG_COMPILER_GENERATE_SWIFT_ASSET_SYMBOL_EXTENSIONS = YES;
				CLANG_ANALYZER_NONNULL = YES;
				CLANG_ANALYZER_NUMBER_OBJECT_CONVERSION = YES_AGGRESSIVE;
				CLANG_CXX_LANGUAGE_STANDARD = "gnu++20";
				CLANG_ENABLE_MODULES = YES;
				CLANG_ENABLE_OBJC_ARC = YES;
				CLANG_ENABLE_OBJC_WEAK = YES;
				CLANG_WARN_BLOCK_CAPTURE_AUTORELEASING = YES;
				CLANG_WARN_BOOL_CONVERSION = YES;
				CLANG_WARN_COMMA = YES;
				CLANG_WARN_CONSTANT_CONVERSION = YES;
				CLANG_WARN_DEPRECATED_OBJC_IMPLEMENTATIONS = YES;
				CLANG_WARN_DIRECT_OBJC_ISA_USAGE = YES_ERROR;
				CLANG_WARN_DOCUMENTATION_COMMENTS = YES;
				CLANG_WARN_EMPTY_BODY = YES;
				CLANG_WARN_ENUM_CONVERSION = YES;
				CLANG_WARN_INFINITE_RECURSION = YES;
				CLANG_WARN_INT_CONVERSION = YES;
				CLANG_WARN_NON_LITERAL_NULL_CONVERSION = YES;
				CLANG_WARN_OBJC_IMPLICIT_RETAIN_SELF = YES;
				CLANG_WARN_OBJC_LITERAL_CONVERSION = YES;
				CLANG_WARN_OBJC_ROOT_CLASS = YES_ERROR;
				CLANG_WARN_QUOTED_INCLUDE_IN_FRAMEWORK_HEADER = YES;
				CLANG_WARN_RANGE_LOOP_ANALYSIS = YES;
				CLANG_WARN_STRICT_PROTOTYPES = YES;
				CLANG_WARN_SUSPICIOUS_MOVE = YES;
				CLANG_WARN_UNGUARDED_AVAILABILITY = YES_AGGRESSIVE;
				CLANG_WARN_UNREACHABLE_CODE = YES;
				CLANG_WARN__DUPLICATE_METHOD_MATCH = YES;
				COPY_PHASE_STRIP = NO;
				DEBUG_INFORMATION_FORMAT = dwarf;
				ENABLE_STRICT_OBJC_MSGSEND = YES;
				ENABLE_TESTABILITY = YES;
				ENABLE_USER_SCRIPT_SANDBOXING = YES;
				GCC_C_LANGUAGE_STANDARD = gnu17;
				GCC_DYNAMIC_NO_PIC = NO;
				GCC_NO_COMMON_BLOCKS = YES;
				GCC_OPTIMIZATION_LEVEL = 0;
				GCC_PREPROCESSOR_DEFINITIONS = (
					"DEBUG=1",
					"$(inherited)",
				);
				GCC_WARN_64_TO_32_BIT_CONVERSION = YES;
				GCC_WARN_ABOUT_RETURN_TYPE = YES_ERROR;
				GCC_WARN_UNDECLARED_SELECTOR = YES;
				GCC_WARN_UNINITIALIZED_AUTOS = YES_AGGRESSIVE;
				GCC_WARN_UNUSED_FUNCTION = YES;
				GCC_WARN_UNUSED_VARIABLE = YES;
				IPHONEOS_DEPLOYMENT_TARGET = 17.2;
				LOCALIZATION_PREFERS_STRING_CATALOGS = YES;
				MTL_ENABLE_DEBUG_INFO = INCLUDE_SOURCE;
				MTL_FAST_MATH = YES;
				ONLY_ACTIVE_ARCH = YES;
				SDKROOT = iphoneos;
				SWIFT_ACTIVE_COMPILATION_CONDITIONS = "DEBUG $(inherited)";
				SWIFT_OPTIMIZATION_LEVEL = "-Onone";
			};
			name = Debug;
		};
		FCCDC9322C60C591004A153F /* Release */ = {
			isa = XCBuildConfiguration;
			buildSettings = {
				ALWAYS_SEARCH_USER_PATHS = NO;
				ASSETCATALOG_COMPILER_GENERATE_SWIFT_ASSET_SYMBOL_EXTENSIONS = YES;
				CLANG_ANALYZER_NONNULL = YES;
				CLANG_ANALYZER_NUMBER_OBJECT_CONVERSION = YES_AGGRESSIVE;
				CLANG_CXX_LANGUAGE_STANDARD = "gnu++20";
				CLANG_ENABLE_MODULES = YES;
				CLANG_ENABLE_OBJC_ARC = YES;
				CLANG_ENABLE_OBJC_WEAK = YES;
				CLANG_WARN_BLOCK_CAPTURE_AUTORELEASING = YES;
				CLANG_WARN_BOOL_CONVERSION = YES;
				CLANG_WARN_COMMA = YES;
				CLANG_WARN_CONSTANT_CONVERSION = YES;
				CLANG_WARN_DEPRECATED_OBJC_IMPLEMENTATIONS = YES;
				CLANG_WARN_DIRECT_OBJC_ISA_USAGE = YES_ERROR;
				CLANG_WARN_DOCUMENTATION_COMMENTS = YES;
				CLANG_WARN_EMPTY_BODY = YES;
				CLANG_WARN_ENUM_CONVERSION = YES;
				CLANG_WARN_INFINITE_RECURSION = YES;
				CLANG_WARN_INT_CONVERSION = YES;
				CLANG_WARN_NON_LITERAL_NULL_CONVERSION = YES;
				CLANG_WARN_OBJC_IMPLICIT_RETAIN_SELF = YES;
				CLANG_WARN_OBJC_LITERAL_CONVERSION = YES;
				CLANG_WARN_OBJC_ROOT_CLASS = YES_ERROR;
				CLANG_WARN_QUOTED_INCLUDE_IN_FRAMEWORK_HEADER = YES;
				CLANG_WARN_RANGE_LOOP_ANALYSIS = YES;
				CLANG_WARN_STRICT_PROTOTYPES = YES;
				CLANG_WARN_SUSPICIOUS_MOVE = YES;
				CLANG_WARN_UNGUARDED_AVAILABILITY = YES_AGGRESSIVE;
				CLANG_WARN_UNREACHABLE_CODE = YES;
				CLANG_WARN__DUPLICATE_METHOD_MATCH = YES;
				COPY_PHASE_STRIP = NO;
				DEBUG_INFORMATION_FORMAT = "dwarf-with-dsym";
				ENABLE_NS_ASSERTIONS = NO;
				ENABLE_STRICT_OBJC_MSGSEND = YES;
				ENABLE_USER_SCRIPT_SANDBOXING = YES;
				GCC_C_LANGUAGE_STANDARD = gnu17;
				GCC_NO_COMMON_BLOCKS = YES;
				GCC_WARN_64_TO_32_BIT_CONVERSION = YES;
				GCC_WARN_ABOUT_RETURN_TYPE = YES_ERROR;
				GCC_WARN_UNDECLARED_SELECTOR = YES;
				GCC_WARN_UNINITIALIZED_AUTOS = YES_AGGRESSIVE;
				GCC_WARN_UNUSED_FUNCTION = YES;
				GCC_WARN_UNUSED_VARIABLE = YES;
				IPHONEOS_DEPLOYMENT_TARGET = 17.2;
				LOCALIZATION_PREFERS_STRING_CATALOGS = YES;
				MTL_ENABLE_DEBUG_INFO = NO;
				MTL_FAST_MATH = YES;
				SDKROOT = iphoneos;
				SWIFT_COMPILATION_MODE = wholemodule;
				VALIDATE_PRODUCT = YES;
			};
			name = Release;
		};
		FCCDC9342C60C591004A153F /* Debug */ = {
			isa = XCBuildConfiguration;
			buildSettings = {
				ASSETCATALOG_COMPILER_APPICON_NAME = AppIcon;
				ASSETCATALOG_COMPILER_GLOBAL_ACCENT_COLOR_NAME = AccentColor;
				CODE_SIGN_STYLE = Automatic;
				CURRENT_PROJECT_VERSION = 1;
				DEVELOPMENT_ASSET_PATHS = "\"FlexFit/Preview Content\"";
				DEVELOPMENT_TEAM = CTY44DYVYJ;
				ENABLE_PREVIEWS = YES;
				GENERATE_INFOPLIST_FILE = YES;
				INFOPLIST_KEY_CFBundleDisplayName = FlexFit;
				INFOPLIST_KEY_UIApplicationSceneManifest_Generation = YES;
				INFOPLIST_KEY_UIApplicationSupportsIndirectInputEvents = YES;
				INFOPLIST_KEY_UILaunchScreen_Generation = YES;
				INFOPLIST_KEY_UIStatusBarStyle = UIStatusBarStyleDarkContent;
				INFOPLIST_KEY_UISupportedInterfaceOrientations = "UIInterfaceOrientationLandscapeLeft UIInterfaceOrientationLandscapeRight UIInterfaceOrientationPortrait";
				IPHONEOS_DEPLOYMENT_TARGET = 14.0;
				LD_RUNPATH_SEARCH_PATHS = (
					"$(inherited)",
					"@executable_path/Frameworks",
				);
				MARKETING_VERSION = 1.0;
				PRODUCT_BUNDLE_IDENTIFIER = blessthedevil.FlexFit;
				PRODUCT_NAME = "$(TARGET_NAME)";
				SUPPORTED_PLATFORMS = "iphoneos iphonesimulator";
				SUPPORTS_MACCATALYST = NO;
				SUPPORTS_MAC_DESIGNED_FOR_IPHONE_IPAD = NO;
				SUPPORTS_XR_DESIGNED_FOR_IPHONE_IPAD = NO;
				SWIFT_EMIT_LOC_STRINGS = YES;
				SWIFT_VERSION = 5.0;
				TARGETED_DEVICE_FAMILY = "1,2";
			};
			name = Debug;
		};
		FCCDC9352C60C591004A153F /* Release */ = {
			isa = XCBuildConfiguration;
			buildSettings = {
				ASSETCATALOG_COMPILER_APPICON_NAME = AppIcon;
				ASSETCATALOG_COMPILER_GLOBAL_ACCENT_COLOR_NAME = AccentColor;
				CODE_SIGN_STYLE = Automatic;
				CURRENT_PROJECT_VERSION = 1;
				DEVELOPMENT_ASSET_PATHS = "\"FlexFit/Preview Content\"";
				DEVELOPMENT_TEAM = CTY44DYVYJ;
				ENABLE_PREVIEWS = YES;
				GENERATE_INFOPLIST_FILE = YES;
				INFOPLIST_KEY_CFBundleDisplayName = FlexFit;
				INFOPLIST_KEY_UIApplicationSceneManifest_Generation = YES;
				INFOPLIST_KEY_UIApplicationSupportsIndirectInputEvents = YES;
				INFOPLIST_KEY_UILaunchScreen_Generation = YES;
				INFOPLIST_KEY_UIStatusBarStyle = UIStatusBarStyleDarkContent;
				INFOPLIST_KEY_UISupportedInterfaceOrientations = "UIInterfaceOrientationLandscapeLeft UIInterfaceOrientationLandscapeRight UIInterfaceOrientationPortrait";
				IPHONEOS_DEPLOYMENT_TARGET = 14.0;
				LD_RUNPATH_SEARCH_PATHS = (
					"$(inherited)",
					"@executable_path/Frameworks",
				);
				MARKETING_VERSION = 1.0;
				PRODUCT_BUNDLE_IDENTIFIER = blessthedevil.FlexFit;
				PRODUCT_NAME = "$(TARGET_NAME)";
				SUPPORTED_PLATFORMS = "iphoneos iphonesimulator";
				SUPPORTS_MACCATALYST = NO;
				SUPPORTS_MAC_DESIGNED_FOR_IPHONE_IPAD = NO;
				SUPPORTS_XR_DESIGNED_FOR_IPHONE_IPAD = NO;
				SWIFT_EMIT_LOC_STRINGS = YES;
				SWIFT_VERSION = 5.0;
				TARGETED_DEVICE_FAMILY = "1,2";
			};
			name = Release;
		};
/* End XCBuildConfiguration section */

/* Begin XCConfigurationList section */
		FCCDC91B2C60C58F004A153F /* Build configuration list for PBXProject "FlexFit" */ = {
			isa = XCConfigurationList;
			buildConfigurations = (
				FCCDC9312C60C591004A153F /* Debug */,
				FCCDC9322C60C591004A153F /* Release */,
			);
			defaultConfigurationIsVisible = 0;
			defaultConfigurationName = Release;
		};
		FCCDC9332C60C591004A153F /* Build configuration list for PBXNativeTarget "FlexFit" */ = {
			isa = XCConfigurationList;
			buildConfigurations = (
				FCCDC9342C60C591004A153F /* Debug */,
				FCCDC9352C60C591004A153F /* Release */,
			);
			defaultConfigurationIsVisible = 0;
			defaultConfigurationName = Release;
		};
/* End XCConfigurationList section */

/* Begin XCVersionGroup section */
		FCCDC92E2C60C591004A153F /* FlexFit.xcdatamodeld */ = {
			isa = XCVersionGroup;
			children = (
				FCCDC92F2C60C591004A153F /* FlexFit.xcdatamodel */,
			);
			currentVersion = FCCDC92F2C60C591004A153F /* FlexFit.xcdatamodel */;
			path = FlexFit.xcdatamodeld;
			sourceTree = "<group>";
			versionGroupType = wrapper.xcdatamodel;
		};
/* End XCVersionGroup section */
	};
	rootObject = FCCDC9182C60C58F004A153F /* Project object */;
}
