{
  "pins" : [
    {
      "identity" : "appmetrica-sdk-ios",
      "kind" : "remoteSourceControl",
      "location" : "https://github.com/appmetrica/appmetrica-sdk-ios",
      "state" : {
        "revision" : "a303a87183464d0143e3cc2eaf09cf98a3b7d8e0",
        "version" : "5.7.0"
      }
    },
    {
      "identity" : "kscrash",
      "kind" : "remoteSourceControl",
      "location" : "https://github.com/kstenerud/KSCrash",
      "state" : {
        "revision" : "c9b13a7ec3483c5f8c274551d5cf2feb5723c8c5",
        "version" : "1.17.4"
      }
    }
  ],
  "version" : 2
}
